Microsoft Visual Studio Solution File, Format Version 10.00
# Visual C# Express 2008
Project("{FAE04EC0-301F-11D3-BF4B-00C04F79EFBC}") = "EpagesProviderWebServices", "EpagesProviderWebServices.csproj", "{0375A8F5-8D12-4260-B9C2-2AE00E58FB4B}"
EndProject
Global
	GlobalSection(SolutionConfigurationPlatforms) = preSolution
		Debug|Any CPU = Debug|Any CPU
		Release|Any CPU = Release|Any CPU
	EndGlobalSection
	GlobalSection(ProjectConfigurationPlatforms) = postSolution
		{0375A8F5-8D12-4260-B9C2-2AE00E58FB4B}.Debug|Any CPU.ActiveCfg = Debug|Any CPU
		{0375A8F5-8D12-4260-B9C2-2AE00E58FB4B}.Debug|Any CPU.Build.0 = Debug|Any CPU
		{0375A8F5-8D12-4260-B9C2-2AE00E58FB4B}.Release|Any CPU.ActiveCfg = Release|Any CPU
		{0375A8F5-8D12-4260-B9C2-2AE00E58FB4B}.Release|Any CPU.Build.0 = Release|Any CPU
	EndGlobalSection
	GlobalSection(SolutionProperties) = preSolution
		HideSolutionNode = FALSE
	EndGlobalSection
EndGlobal
